dependencies:
- name: postgresql
  repository: oci://registry-1.docker.io/bitnamicharts
  version: 13.2.24
- name: common
  repository: oci://registry-1.docker.io/bitnamicharts
  version: 2.13.3
digest: sha256:23417b4165ce4d73a49898673c270e9a6dd3c8e08567bf0293ea5071aa05b764
generated: "2023-12-14T12:32:07.162601+01:00"
